// !$*UTF8*$!
{
	archiveVersion = 1;
	classes = {
	};
	objectVersion = 50;
	objects = {

/* Begin PBXBuildFile section */
		96DE5A9922D41E19003F03C1 /* SwiftUIWatchOSScrollViewBug WatchKit App.app in Embed Watch Content */ = {isa = PBXBuildFile; fileRef = 96DE5A9822D41E19003F03C1 /* SwiftUIWatchOSScrollViewBug WatchKit App.app */; settings = {ATTRIBUTES = (RemoveHeadersOnCopy, ); }; };
		96DE5A9F22D41E19003F03C1 /* Interface.storyboard in Resources */ = {isa = PBXBuildFile; fileRef = 96DE5A9D22D41E19003F03C1 /* Interface.storyboard */; };
		96DE5AA122D41E1A003F03C1 /* Assets.xcassets in Resources */ = {isa = PBXBuildFile; fileRef = 96DE5AA022D41E1A003F03C1 /* Assets.xcassets */; };
		96DE5AA822D41E1A003F03C1 /* SwiftUIWatchOSScrollViewBug WatchKit Extension.appex in Embed App Extensions */ = {isa = PBXBuildFile; fileRef = 96DE5AA722D41E1A003F03C1 /* SwiftUIWatchOSScrollViewBug WatchKit Extension.appex */; settings = {ATTRIBUTES = (RemoveHeadersOnCopy, ); }; };
		96DE5AAD22D41E1A003F03C1 /* ContentView.swift in Sources */ = {isa = PBXBuildFile; fileRef = 96DE5AAC22D41E1A003F03C1 /* ContentView.swift */; };
		96DE5AAF22D41E1A003F03C1 /* HostingController.swift in Sources */ = {isa = PBXBuildFile; fileRef = 96DE5AAE22D41E1A003F03C1 /* HostingController.swift */; };
		96DE5AB122D41E1A003F03C1 /* ExtensionDelegate.swift in Sources */ = {isa = PBXBuildFile; fileRef = 96DE5AB022D41E1A003F03C1 /* ExtensionDelegate.swift */; };
		96DE5AB322D41E1B003F03C1 /* Assets.xcassets in Resources */ = {isa = PBXBuildFile; fileRef = 96DE5AB222D41E1B003F03C1 /* Assets.xcassets */; };
		96DE5AB622D41E1B003F03C1 /* Preview Assets.xcassets in Resources */ = {isa = PBXBuildFile; fileRef = 96DE5AB522D41E1B003F03C1 /* Preview Assets.xcassets */; };
/* End PBXBuildFile section */

/* Begin PBXContainerItemProxy section */
		96DE5A9A22D41E19003F03C1 /* PBXContainerItemProxy */ = {
			isa = PBXContainerItemProxy;
			containerPortal = 96DE5A8E22D41E19003F03C1 /* Project object */;
			proxyType = 1;
			remoteGlobalIDString = 96DE5A9722D41E19003F03C1;
			remoteInfo = "SwiftUIWatchOSScrollViewBug WatchKit App";
		};
		96DE5AA922D41E1A003F03C1 /* PBXContainerItemProxy */ = {
			isa = PBXContainerItemProxy;
			containerPortal = 96DE5A8E22D41E19003F03C1 /* Project object */;
			proxyType = 1;
			remoteGlobalIDString = 96DE5AA622D41E1A003F03C1;
			remoteInfo = "SwiftUIWatchOSScrollViewBug WatchKit Extension";
		};
/* End PBXContainerItemProxy section */

/* Begin PBXCopyFilesBuildPhase section */
		96DE5ABD22D41E1B003F03C1 /* Embed App Extensions */ = {
			isa = PBXCopyFilesBuildPhase;
			buildActionMask = 2147483647;
			dstPath = "";
			dstSubfolderSpec = 13;
			files = (
				96DE5AA822D41E1A003F03C1 /* SwiftUIWatchOSScrollViewBug WatchKit Extension.appex in Embed App Extensions */,
			);
			name = "Embed App Extensions";
			runOnlyForDeploymentPostprocessing = 0;
		};
		96DE5AC122D41E1B003F03C1 /* Embed Watch Content */ = {
			isa = PBXCopyFilesBuildPhase;
			buildActionMask = 2147483647;
			dstPath = "$(CONTENTS_FOLDER_PATH)/Watch";
			dstSubfolderSpec = 16;
			files = (
				96DE5A9922D41E19003F03C1 /* SwiftUIWatchOSScrollViewBug WatchKit App.app in Embed Watch Content */,
			);
			name = "Embed Watch Content";
			runOnlyForDeploymentPostprocessing = 0;
		};
/* End PBXCopyFilesBuildPhase section */

/* Begin PBXFileReference section */
		96DE5A9422D41E19003F03C1 /* SwiftUIWatchOSScrollViewBug.app */ = {isa = PBXFileReference; explicitFileType = wrapper.application; includeInIndex = 0; path = SwiftUIWatchOSScrollViewBug.app; sourceTree = BUILT_PRODUCTS_DIR; };
		96DE5A9822D41E19003F03C1 /* SwiftUIWatchOSScrollViewBug WatchKit App.app */ = {isa = PBXFileReference; explicitFileType = wrapper.application; includeInIndex = 0; path = "SwiftUIWatchOSScrollViewBug WatchKit App.app"; sourceTree = BUILT_PRODUCTS_DIR; };
		96DE5A9E22D41E19003F03C1 /* Base */ = {isa = PBXFileReference; lastKnownFileType = file.storyboard; name = Base; path = Base.lproj/Interface.storyboard; sourceTree = "<group>"; };
		96DE5AA022D41E1A003F03C1 /* Assets.xcassets */ = {isa = PBXFileReference; lastKnownFileType = folder.assetcatalog; path = Assets.xcassets; sourceTree = "<group>"; };
		96DE5AA222D41E1A003F03C1 /* Info.plist */ = {isa = PBXFileReference; lastKnownFileType = text.plist.xml; path = Info.plist; sourceTree = "<group>"; };
		96DE5AA722D41E1A003F03C1 /* SwiftUIWatchOSScrollViewBug WatchKit Extension.appex */ = {isa = PBXFileReference; explicitFileType = "wrapper.app-extension"; includeInIndex = 0; path = "SwiftUIWatchOSScrollViewBug WatchKit Extension.appex"; sourceTree = BUILT_PRODUCTS_DIR; };
		96DE5AAC22D41E1A003F03C1 /* ContentView.swift */ = {isa = PBXFileReference; lastKnownFileType = sourcecode.swift; path = ContentView.swift; sourceTree = "<group>"; };
		96DE5AAE22D41E1A003F03C1 /* HostingController.swift */ = {isa = PBXFileReference; lastKnownFileType = sourcecode.swift; path = HostingController.swift; sourceTree = "<group>"; };
		96DE5AB022D41E1A003F03C1 /* ExtensionDelegate.swift */ = {isa = PBXFileReference; lastKnownFileType = sourcecode.swift; path = ExtensionDelegate.swift; sourceTree = "<group>"; };
		96DE5AB222D41E1B003F03C1 /* Assets.xcassets */ = {isa = PBXFileReference; lastKnownFileType = folder.assetcatalog; path = Assets.xcassets; sourceTree = "<group>"; };
		96DE5AB522D41E1B003F03C1 /* Preview Assets.xcassets */ = {isa = PBXFileReference; lastKnownFileType = folder.assetcatalog; path = "Preview Assets.xcassets"; sourceTree = "<group>"; };
		96DE5AB722D41E1B003F03C1 /* Info.plist */ = {isa = PBXFileReference; lastKnownFileType = text.plist.xml; path = Info.plist; sourceTree = "<group>"; };
/* End PBXFileReference section */

/* Begin PBXFrameworksBuildPhase section */
		96DE5AA422D41E1A003F03C1 /* Frameworks */ = {
			isa = PBXFrameworksBuildPhase;
			buildActionMask = 2147483647;
			files = (
			);
			runOnlyForDeploymentPostprocessing = 0;
		};
/* End PBXFrameworksBuildPhase section */

/* Begin PBXGroup section */
		96DE5A8D22D41E19003F03C1 = {
			isa = PBXGroup;
			children = (
				96DE5A9C22D41E19003F03C1 /* SwiftUIWatchOSScrollViewBug WatchKit App */,
				96DE5AAB22D41E1A003F03C1 /* SwiftUIWatchOSScrollViewBug WatchKit Extension */,
				96DE5A9522D41E19003F03C1 /* Products */,
			);
			sourceTree = "<group>";
		};
		96DE5A9522D41E19003F03C1 /* Products */ = {
			isa = PBXGroup;
			children = (
				96DE5A9422D41E19003F03C1 /* SwiftUIWatchOSScrollViewBug.app */,
				96DE5A9822D41E19003F03C1 /* SwiftUIWatchOSScrollViewBug WatchKit App.app */,
				96DE5AA722D41E1A003F03C1 /* SwiftUIWatchOSScrollViewBug WatchKit Extension.appex */,
			);
			name = Products;
			sourceTree = "<group>";
		};
		96DE5A9C22D41E19003F03C1 /* SwiftUIWatchOSScrollViewBug WatchKit App */ = {
			isa = PBXGroup;
			children = (
				96DE5A9D22D41E19003F03C1 /* Interface.storyboard */,
				96DE5AA022D41E1A003F03C1 /* Assets.xcassets */,
				96DE5AA222D41E1A003F03C1 /* Info.plist */,
			);
			path = "SwiftUIWatchOSScrollViewBug WatchKit App";
			sourceTree = "<group>";
		};
		96DE5AAB22D41E1A003F03C1 /* SwiftUIWatchOSScrollViewBug WatchKit Extension */ = {
			isa = PBXGroup;
			children = (
				96DE5AAC22D41E1A003F03C1 /* ContentView.swift */,
				96DE5AAE22D41E1A003F03C1 /* HostingController.swift */,
				96DE5AB022D41E1A003F03C1 /* ExtensionDelegate.swift */,
				96DE5AB222D41E1B003F03C1 /* Assets.xcassets */,
				96DE5AB722D41E1B003F03C1 /* Info.plist */,
				96DE5AB422D41E1B003F03C1 /* Preview Content */,
			);
			path = "SwiftUIWatchOSScrollViewBug WatchKit Extension";
			sourceTree = "<group>";
		};
		96DE5AB422D41E1B003F03C1 /* Preview Content */ = {
			isa = PBXGroup;
			children = (
				96DE5AB522D41E1B003F03C1 /* Preview Assets.xcassets */,
			);
			path = "Preview Content";
			sourceTree = "<group>";
		};
/* End PBXGroup section */

/* Begin PBXNativeTarget section */
		96DE5A9322D41E19003F03C1 /* SwiftUIWatchOSScrollViewBug */ = {
			isa = PBXNativeTarget;
			buildConfigurationList = 96DE5AC222D41E1B003F03C1 /* Build configuration list for PBXNativeTarget "SwiftUIWatchOSScrollViewBug" */;
			buildPhases = (
				96DE5A9222D41E19003F03C1 /* Resources */,
				96DE5AC122D41E1B003F03C1 /* Embed Watch Content */,
			);
			buildRules = (
			);
			dependencies = (
				96DE5A9B22D41E19003F03C1 /* PBXTargetDependency */,
			);
			name = SwiftUIWatchOSScrollViewBug;
			productName = SwiftUIWatchOSScrollViewBug;
			productReference = 96DE5A9422D41E19003F03C1 /* SwiftUIWatchOSScrollViewBug.app */;
			productType = "com.apple.product-type.application.watchapp2-container";
		};
		96DE5A9722D41E19003F03C1 /* SwiftUIWatchOSScrollViewBug WatchKit App */ = {
			isa = PBXNativeTarget;
			buildConfigurationList = 96DE5ABE22D41E1B003F03C1 /* Build configuration list for PBXNativeTarget "SwiftUIWatchOSScrollViewBug WatchKit App" */;
			buildPhases = (
				96DE5A9622D41E19003F03C1 /* Resources */,
				96DE5ABD22D41E1B003F03C1 /* Embed App Extensions */,
			);
			buildRules = (
			);
			dependencies = (
				96DE5AAA22D41E1A003F03C1 /* PBXTargetDependency */,
			);
			name = "SwiftUIWatchOSScrollViewBug WatchKit App";
			productName = "SwiftUIWatchOSScrollViewBug WatchKit App";
			productReference = 96DE5A9822D41E19003F03C1 /* SwiftUIWatchOSScrollViewBug WatchKit App.app */;
			productType = "com.apple.product-type.application.watchapp2";
		};
		96DE5AA622D41E1A003F03C1 /* SwiftUIWatchOSScrollViewBug WatchKit Extension */ = {
			isa = PBXNativeTarget;
			buildConfigurationList = 96DE5ABA22D41E1B003F03C1 /* Build configuration list for PBXNativeTarget "SwiftUIWatchOSScrollViewBug WatchKit Extension" */;
			buildPhases = (
				96DE5AA322D41E1A003F03C1 /* Sources */,
				96DE5AA422D41E1A003F03C1 /* Frameworks */,
				96DE5AA522D41E1A003F03C1 /* Resources */,
			);
			buildRules = (
			);
			dependencies = (
			);
			name = "SwiftUIWatchOSScrollViewBug WatchKit Extension";
			productName = "SwiftUIWatchOSScrollViewBug WatchKit Extension";
			productReference = 96DE5AA722D41E1A003F03C1 /* SwiftUIWatchOSScrollViewBug WatchKit Extension.appex */;
			productType = "com.apple.product-type.watchkit2-extension";
		};
/* End PBXNativeTarget section */

/* Begin PBXProject section */
		96DE5A8E22D41E19003F03C1 /* Project object */ = {
			isa = PBXProject;
			attributes = {
				LastSwiftUpdateCheck = 1100;
				LastUpgradeCheck = 1100;
				ORGANIZATIONNAME = "Jason Ji";
				TargetAttributes = {
					96DE5A9322D41E19003F03C1 = {
						CreatedOnToolsVersion = 11.0;
					};
					96DE5A9722D41E19003F03C1 = {
						CreatedOnToolsVersion = 11.0;
					};
					96DE5AA622D41E1A003F03C1 = {
						CreatedOnToolsVersion = 11.0;
					};
				};
			};
			buildConfigurationList = 96DE5A9122D41E19003F03C1 /* Build configuration list for PBXProject "SwiftUIWatchOSScrollViewBug" */;
			compatibilityVersion = "Xcode 9.3";
			developmentRegion = en;
			hasScannedForEncodings = 0;
			knownRegions = (
				en,
				Base,
			);
			mainGroup = 96DE5A8D22D41E19003F03C1;
			productRefGroup = 96DE5A9522D41E19003F03C1 /* Products */;
			projectDirPath = "";
			projectRoot = "";
			targets = (
				96DE5A9322D41E19003F03C1 /* SwiftUIWatchOSScrollViewBug */,
				96DE5A9722D41E19003F03C1 /* SwiftUIWatchOSScrollViewBug WatchKit App */,
				96DE5AA622D41E1A003F03C1 /* SwiftUIWatchOSScrollViewBug WatchKit Extension */,
			);
		};
/* End PBXProject section */

/* Begin PBXResourcesBuildPhase section */
		96DE5A9222D41E19003F03C1 /* Resources */ = {
			isa = PBXResourcesBuildPhase;
			buildActionMask = 2147483647;
			files = (
			);
			runOnlyForDeploymentPostprocessing = 0;
		};
		96DE5A9622D41E19003F03C1 /* Resources */ = {
			isa = PBXResourcesBuildPhase;
			buildActionMask = 2147483647;
			files = (
				96DE5AA122D41E1A003F03C1 /* Assets.xcassets in Resources */,
				96DE5A9F22D41E19003F03C1 /* Interface.storyboard in Resources */,
			);
			runOnlyForDeploymentPostprocessing = 0;
		};
		96DE5AA522D41E1A003F03C1 /* Resources */ = {
			isa = PBXResourcesBuildPhase;
			buildActionMask = 2147483647;
			files = (
				96DE5AB622D41E1B003F03C1 /* Preview Assets.xcassets in Resources */,
				96DE5AB322D41E1B003F03C1 /* Assets.xcassets in Resources */,
			);
			runOnlyForDeploymentPostprocessing = 0;
		};
/* End PBXResourcesBuildPhase section */

/* Begin PBXSourcesBuildPhase section */
		96DE5AA322D41E1A003F03C1 /* Sources */ = {
			isa = PBXSourcesBuildPhase;
			buildActionMask = 2147483647;
			files = (
				96DE5AAF22D41E1A003F03C1 /* HostingController.swift in Sources */,
				96DE5AAD22D41E1A003F03C1 /* ContentView.swift in Sources */,
				96DE5AB122D41E1A003F03C1 /* ExtensionDelegate.swift in Sources */,
			);
			runOnlyForDeploymentPostprocessing = 0;
		};
/* End PBXSourcesBuildPhase section */

/* Begin PBXTargetDependency section */
		96DE5A9B22D41E19003F03C1 /* PBXTargetDependency */ = {
			isa = PBXTargetDependency;
			target = 96DE5A9722D41E19003F03C1 /* SwiftUIWatchOSScrollViewBug WatchKit App */;
			targetProxy = 96DE5A9A22D41E19003F03C1 /* PBXContainerItemProxy */;
		};
		96DE5AAA22D41E1A003F03C1 /* PBXTargetDependency */ = {
			isa = PBXTargetDependency;
			target = 96DE5AA622D41E1A003F03C1 /* SwiftUIWatchOSScrollViewBug WatchKit Extension */;
			targetProxy = 96DE5AA922D41E1A003F03C1 /* PBXContainerItemProxy */;
		};
/* End PBXTargetDependency section */

/* Begin PBXVariantGroup section */
		96DE5A9D22D41E19003F03C1 /* Interface.storyboard */ = {
			isa = PBXVariantGroup;
			children = (
				96DE5A9E22D41E19003F03C1 /* Base */,
			);
			name = Interface.storyboard;
			sourceTree = "<group>";
		};
/* End PBXVariantGroup section */

/* Begin XCBuildConfiguration section */
		96DE5AB822D41E1B003F03C1 /* Debug */ = {
			isa = XCBuildConfiguration;
			buildSettings = {
				ALWAYS_SEARCH_USER_PATHS = NO;
				CLANG_ANALYZER_NONNULL = YES;
				CLANG_ANALYZER_NUMBER_OBJECT_CONVERSION = YES_AGGRESSIVE;
				CLANG_CXX_LANGUAGE_STANDARD = "gnu++14";
				CLANG_CXX_LIBRARY = "libc++";
				CLANG_ENABLE_MODULES = YES;
				CLANG_ENABLE_OBJC_ARC = YES;
				CLANG_ENABLE_OBJC_WEAK = YES;
				CLANG_WARN_BLOCK_CAPTURE_AUTORELEASING = YES;
				CLANG_WARN_BOOL_CONVERSION = YES;
				CLANG_WARN_COMMA = YES;
				CLANG_WARN_CONSTANT_CONVERSION = YES;
				CLANG_WARN_DEPRECATED_OBJC_IMPLEMENTATIONS = YES;
				CLANG_WARN_DIRECT_OBJC_ISA_USAGE = YES_ERROR;
				CLANG_WARN_DOCUMENTATION_COMMENTS = YES;
				CLANG_WARN_EMPTY_BODY = YES;
				CLANG_WARN_ENUM_CONVERSION = YES;
				CLANG_WARN_INFINITE_RECURSION = YES;
				CLANG_WARN_INT_CONVERSION = YES;
				CLANG_WARN_NON_LITERAL_NULL_CONVERSION = YES;
				CLANG_WARN_OBJC_IMPLICIT_RETAIN_SELF = YES;
				CLANG_WARN_OBJC_LITERAL_CONVERSION = YES;
				CLANG_WARN_OBJC_ROOT_CLASS = YES_ERROR;
				CLANG_WARN_RANGE_LOOP_ANALYSIS = YES;
				CLANG_WARN_STRICT_PROTOTYPES = YES;
				CLANG_WARN_SUSPICIOUS_MOVE = YES;
				CLANG_WARN_UNGUARDED_AVAILABILITY = YES_AGGRESSIVE;
				CLANG_WARN_UNREACHABLE_CODE = YES;
				CLANG_WARN__DUPLICATE_METHOD_MATCH = YES;
				COPY_PHASE_STRIP = NO;
				DEBUG_INFORMATION_FORMAT = dwarf;
				ENABLE_STRICT_OBJC_MSGSEND = YES;
				ENABLE_TESTABILITY = YES;
				GCC_C_LANGUAGE_STANDARD = gnu11;
				GCC_DYNAMIC_NO_PIC = NO;
				GCC_NO_COMMON_BLOCKS = YES;
				GCC_OPTIMIZATION_LEVEL = 0;
				GCC_PREPROCESSOR_DEFINITIONS = (
					"DEBUG=1",
					"$(inherited)",
				);
				GCC_WARN_64_TO_32_BIT_CONVERSION = YES;
				GCC_WARN_ABOUT_RETURN_TYPE = YES_ERROR;
				GCC_WARN_UNDECLARED_SELECTOR = YES;
				GCC_WARN_UNINITIALIZED_AUTOS = YES_AGGRESSIVE;
				GCC_WARN_UNUSED_FUNCTION = YES;
				GCC_WARN_UNUSED_VARIABLE = YES;
				MTL_ENABLE_DEBUG_INFO = INCLUDE_SOURCE;
				MTL_FAST_MATH = YES;
				ONLY_ACTIVE_ARCH = YES;
				SDKROOT = iphoneos;
				SWIFT_ACTIVE_COMPILATION_CONDITIONS = DEBUG;
				SWIFT_OPTIMIZATION_LEVEL = "-Onone";
			};
			name = Debug;
		};
		96DE5AB922D41E1B003F03C1 /* Release */ = {
			isa = XCBuildConfiguration;
			buildSettings = {
				ALWAYS_SEARCH_USER_PATHS = NO;
				CLANG_ANALYZER_NONNULL = YES;
				CLANG_ANALYZER_NUMBER_OBJECT_CONVERSION = YES_AGGRESSIVE;
				CLANG_CXX_LANGUAGE_STANDARD = "gnu++14";
				CLANG_CXX_LIBRARY = "libc++";
				CLANG_ENABLE_MODULES = YES;
				CLANG_ENABLE_OBJC_ARC = YES;
				CLANG_ENABLE_OBJC_WEAK = YES;
				CLANG_WARN_BLOCK_CAPTURE_AUTORELEASING = YES;
				CLANG_WARN_BOOL_CONVERSION = YES;
				CLANG_WARN_COMMA = YES;
				CLANG_WARN_CONSTANT_CONVERSION = YES;
				CLANG_WARN_DEPRECATED_OBJC_IMPLEMENTATIONS = YES;
				CLANG_WARN_DIRECT_OBJC_ISA_USAGE = YES_ERROR;
				CLANG_WARN_DOCUMENTATION_COMMENTS = YES;
				CLANG_WARN_EMPTY_BODY = YES;
				CLANG_WARN_ENUM_CONVERSION = YES;
				CLANG_WARN_INFINITE_RECURSION = YES;
				CLANG_WARN_INT_CONVERSION = YES;
				CLANG_WARN_NON_LITERAL_NULL_CONVERSION = YES;
				CLANG_WARN_OBJC_IMPLICIT_RETAIN_SELF = YES;
				CLANG_WARN_OBJC_LITERAL_CONVERSION = YES;
				CLANG_WARN_OBJC_ROOT_CLASS = YES_ERROR;
				CLANG_WARN_RANGE_LOOP_ANALYSIS = YES;
				CLANG_WARN_STRICT_PROTOTYPES = YES;
				CLANG_WARN_SUSPICIOUS_MOVE = YES;
				CLANG_WARN_UNGUARDED_AVAILABILITY = YES_AGGRESSIVE;
				CLANG_WARN_UNREACHABLE_CODE = YES;
				CLANG_WARN__DUPLICATE_METHOD_MATCH = YES;
				COPY_PHASE_STRIP = NO;
				DEBUG_INFORMATION_FORMAT = "dwarf-with-dsym";
				ENABLE_NS_ASSERTIONS = NO;
				ENABLE_STRICT_OBJC_MSGSEND = YES;
				GCC_C_LANGUAGE_STANDARD = gnu11;
				GCC_NO_COMMON_BLOCKS = YES;
				GCC_WARN_64_TO_32_BIT_CONVERSION = YES;
				GCC_WARN_ABOUT_RETURN_TYPE = YES_ERROR;
				GCC_WARN_UNDECLARED_SELECTOR = YES;
				GCC_WARN_UNINITIALIZED_AUTOS = YES_AGGRESSIVE;
				GCC_WARN_UNUSED_FUNCTION = YES;
				GCC_WARN_UNUSED_VARIABLE = YES;
				MTL_ENABLE_DEBUG_INFO = NO;
				MTL_FAST_MATH = YES;
				SDKROOT = iphoneos;
				SWIFT_COMPILATION_MODE = wholemodule;
				SWIFT_OPTIMIZATION_LEVEL = "-O";
				VALIDATE_PRODUCT = YES;
			};
			name = Release;
		};
		96DE5ABB22D41E1B003F03C1 /* Debug */ = {
			isa = XCBuildConfiguration;
			buildSettings = {
				ASSETCATALOG_COMPILER_COMPLICATION_NAME = Complication;
				CODE_SIGN_STYLE = Automatic;
				DEVELOPMENT_ASSET_PATHS = "\"SwiftUIWatchOSScrollViewBug WatchKit Extension\"/Preview\\ Content";
				ENABLE_PREVIEWS = YES;
				INFOPLIST_FILE = "SwiftUIWatchOSScrollViewBug WatchKit Extension/Info.plist";
				LD_RUNPATH_SEARCH_PATHS = (
					"$(inherited)",
					"@executable_path/Frameworks",
					"@executable_path/../../Frameworks",
				);
				PRODUCT_BUNDLE_IDENTIFIER = com.capitalonelabs.SwiftUIWatchOSScrollViewBug.watchkitapp.watchkitextension;
				PRODUCT_NAME = "${TARGET_NAME}";
				SDKROOT = watchos;
				SKIP_INSTALL = YES;
				SWIFT_VERSION = 5.0;
				TARGETED_DEVICE_FAMILY = 4;
				WATCHOS_DEPLOYMENT_TARGET = 6.0;
			};
			name = Debug;
		};
		96DE5ABC22D41E1B003F03C1 /* Release */ = {
			isa = XCBuildConfiguration;
			buildSettings = {
				ASSETCATALOG_COMPILER_COMPLICATION_NAME = Complication;
				CODE_SIGN_STYLE = Automatic;
				DEVELOPMENT_ASSET_PATHS = "\"SwiftUIWatchOSScrollViewBug WatchKit Extension\"/Preview\\ Content";
				ENABLE_PREVIEWS = YES;
				INFOPLIST_FILE = "SwiftUIWatchOSScrollViewBug WatchKit Extension/Info.plist";
				LD_RUNPATH_SEARCH_PATHS = (
					"$(inherited)",
					"@executable_path/Frameworks",
					"@executable_path/../../Frameworks",
				);
				PRODUCT_BUNDLE_IDENTIFIER = com.capitalonelabs.SwiftUIWatchOSScrollViewBug.watchkitapp.watchkitextension;
				PRODUCT_NAME = "${TARGET_NAME}";
				SDKROOT = watchos;
				SKIP_INSTALL = YES;
				SWIFT_VERSION = 5.0;
				TARGETED_DEVICE_FAMILY = 4;
				WATCHOS_DEPLOYMENT_TARGET = 6.0;
			};
			name = Release;
		};
		96DE5ABF22D41E1B003F03C1 /* Debug */ = {
			isa = XCBuildConfiguration;
			buildSettings = {
				ALWAYS_EMBED_SWIFT_STANDARD_LIBRARIES = YES;
				ASSETCATALOG_COMPILER_APPICON_NAME = AppIcon;
				CODE_SIGN_STYLE = Automatic;
				IBSC_MODULE = SwiftUIWatchOSScrollViewBug_WatchKit_Extension;
				INFOPLIST_FILE = "SwiftUIWatchOSScrollViewBug WatchKit App/Info.plist";
				PRODUCT_BUNDLE_IDENTIFIER = com.capitalonelabs.SwiftUIWatchOSScrollViewBug.watchkitapp;
				PRODUCT_NAME = "$(TARGET_NAME)";
				SDKROOT = watchos;
				SKIP_INSTALL = YES;
				SWIFT_VERSION = 5.0;
				TARGETED_DEVICE_FAMILY = 4;
				WATCHOS_DEPLOYMENT_TARGET = 6.0;
			};
			name = Debug;
		};
		96DE5AC022D41E1B003F03C1 /* Release */ = {
			isa = XCBuildConfiguration;
			buildSettings = {
				ALWAYS_EMBED_SWIFT_STANDARD_LIBRARIES = YES;
				ASSETCATALOG_COMPILER_APPICON_NAME = AppIcon;
				CODE_SIGN_STYLE = Automatic;
				IBSC_MODULE = SwiftUIWatchOSScrollViewBug_WatchKit_Extension;
				INFOPLIST_FILE = "SwiftUIWatchOSScrollViewBug WatchKit App/Info.plist";
				PRODUCT_BUNDLE_IDENTIFIER = com.capitalonelabs.SwiftUIWatchOSScrollViewBug.watchkitapp;
				PRODUCT_NAME = "$(TARGET_NAME)";
				SDKROOT = watchos;
				SKIP_INSTALL = YES;
				SWIFT_VERSION = 5.0;
				TARGETED_DEVICE_FAMILY = 4;
				WATCHOS_DEPLOYMENT_TARGET = 6.0;
			};
			name = Release;
		};
		96DE5AC322D41E1B003F03C1 /* Debug */ = {
			isa = XCBuildConfiguration;
			buildSettings = {
				CODE_SIGN_STYLE = Automatic;
				CURRENT_PROJECT_VERSION = 1;
				MARKETING_VERSION = 1.0;
				PRODUCT_BUNDLE_IDENTIFIER = com.capitalonelabs.SwiftUIWatchOSScrollViewBug;
				PRODUCT_NAME = "$(TARGET_NAME)";
				SWIFT_VERSION = 5.0;
			};
			name = Debug;
		};
		96DE5AC422D41E1B003F03C1 /* Release */ = {
			isa = XCBuildConfiguration;
			buildSettings = {
				CODE_SIGN_STYLE = Automatic;
				CURRENT_PROJECT_VERSION = 1;
				MARKETING_VERSION = 1.0;
				PRODUCT_BUNDLE_IDENTIFIER = com.capitalonelabs.SwiftUIWatchOSScrollViewBug;
				PRODUCT_NAME = "$(TARGET_NAME)";
				SWIFT_VERSION = 5.0;
			};
			name = Release;
		};
/* End XCBuildConfiguration section */

/* Begin XCConfigurationList section */
		96DE5A9122D41E19003F03C1 /* Build configuration list for PBXProject "SwiftUIWatchOSScrollViewBug" */ = {
			isa = XCConfigurationList;
			buildConfigurations = (
				96DE5AB822D41E1B003F03C1 /* Debug */,
				96DE5AB922D41E1B003F03C1 /* Release */,
			);
			defaultConfigurationIsVisible = 0;
			defaultConfigurationName = Release;
		};
		96DE5ABA22D41E1B003F03C1 /* Build configuration list for PBXNativeTarget "SwiftUIWatchOSScrollViewBug WatchKit Extension" */ = {
			isa = XCConfigurationList;
			buildConfigurations = (
				96DE5ABB22D41E1B003F03C1 /* Debug */,
				96DE5ABC22D41E1B003F03C1 /* Release */,
			);
			defaultConfigurationIsVisible = 0;
			defaultConfigurationName = Release;
		};
		96DE5ABE22D41E1B003F03C1 /* Build configuration list for PBXNativeTarget "SwiftUIWatchOSScrollViewBug WatchKit App" */ = {
			isa = XCConfigurationList;
			buildConfigurations = (
				96DE5ABF22D41E1B003F03C1 /* Debug */,
				96DE5AC022D41E1B003F03C1 /* Release */,
			);
			defaultConfigurationIsVisible = 0;
			defaultConfigurationName = Release;
		};
		96DE5AC222D41E1B003F03C1 /* Build configuration list for PBXNativeTarget "SwiftUIWatchOSScrollViewBug" */ = {
			isa = XCConfigurationList;
			buildConfigurations = (
				96DE5AC322D41E1B003F03C1 /* Debug */,
				96DE5AC422D41E1B003F03C1 /* Release */,
			);
			defaultConfigurationIsVisible = 0;
			defaultConfigurationName = Release;
		};
/* End XCConfigurationList section */
	};
	rootObject = 96DE5A8E22D41E19003F03C1 /* Project object */;
}
